{
  "name": "cuit",
  "version": "1.6.6",
  "lockfileVersion": 1,
  "requires": true,
  "dependencies": {
    "miniprogram-component-plus": {
      "version": "1.0.0",
      "resolved": "https://registry.npmjs.org/miniprogram-component-plus/-/miniprogram-component-plus-1.0.0.tgz",
      "integrity": "sha512-7Go24W76Pkq1QpmY1jiu83zRCw/A5ytE03kJddr7bMl5T+jx6hHVoG4/od5GS9MBFdIo5OmXcrPzz+VsThw2TQ=="
    },
    "parser-wx": {
      "version": "1.1.1",
      "resolved": "https://registry.npm.taobao.org/parser-wx/download/parser-wx-1.1.1.tgz",
      "integrity": "sha1-kiFOLZ+XEV0/bPu7pMe3R764XpI="
    },
    "querystringify": {
      "version": "2.2.0",
      "resolved": "https://registry.npm.taobao.org/querystringify/download/querystringify-2.2.0.tgz",
      "integrity": "sha1-M0WUG0FTy50ILY7uTNogFqmu9/Y="
    },
    "requires-port": {
      "version": "1.0.0",
      "resolved": "https://registry.nlark.com/requires-port/download/requires-port-1.0.0.tgz",
      "integrity": "sha1-kl0mAdOaxIXgkc8NpcbmlNw9yv8="
    },
    "url-parse": {
      "version": "1.5.3",
      "resolved": "https://registry.nlark.com/url-parse/download/url-parse-1.5.3.tgz?cache=0&sync_timestamp=1627251248997&other_urls=https%3A%2F%2Fregistry.nlark.com%2Furl-parse%2Fdownload%2Furl-parse-1.5.3.tgz",
      "integrity": "sha1-ccEwPTj7Zjmt4YPCmSyMwGht+GI=",
      "requires": {
        "querystringify": "^2.1.1",
        "requires-port": "^1.0.0"
      }
    },
    "weui-miniprogram": {
      "version": "1.0.7",
      "resolved": "https://registry.npmjs.org/weui-miniprogram/-/weui-miniprogram-1.0.7.tgz",
      "integrity": "sha512-tXpLnUyaN1jEZHlYAWid3q+Rbov6a90t7QX4uunEa9E2+IUrVLqxo1Q1CfT1uTtjE5hqg6ABGU0NA819Ga1D3g=="
    }
  }
}
